
Microsoft Visual Studio Solution File, Format Version 11.00
# Visual Studio 2010
Project("{FAE04EC0-301F-11D3-BF4B-00C04F79EFBC}") = "OpenGLTest", "OpenGLTest\OpenGLTest.csproj", "{530FDFC1-F895-4C4D-863D-B4F4A8CEC2CB}"
EndProject
Global
	GlobalSection(SolutionConfigurationPlatforms) = preSolution
		Debug|x86 = Debug|x86
		Release|x86 = Release|x86
	EndGlobalSection
	GlobalSection(ProjectConfigurationPlatforms) = postSolution
		{530FDFC1-F895-4C4D-863D-B4F4A8CEC2CB}.Debug|x86.ActiveCfg = Debug|x86
		{530FDFC1-F895-4C4D-863D-B4F4A8CEC2CB}.Debug|x86.Build.0 = Debug|x86
		{530FDFC1-F895-4C4D-863D-B4F4A8CEC2CB}.Release|x86.ActiveCfg = Release|x86
		{530FDFC1-F895-4C4D-863D-B4F4A8CEC2CB}.Release|x86.Build.0 = Release|x86
	EndGlobalSection
	GlobalSection(SolutionProperties) = preSolution
		HideSolutionNode = FALSE
	EndGlobalSection
	GlobalSection(MonoDevelopProperties) = preSolution
		StartupItem = OpenGLTest\OpenGLTest.csproj
	EndGlobalSection
EndGlobal
